
Microsoft Visual Studio Solution File, Format Version 12.00
# Visual Studio Version 16
VisualStudioVersion = 16.0.29709.97
MinimumVisualStudioVersion = 10.0.40219.1
Project("{FAE04EC0-301F-11D3-BF4B-00C04F79EFBC}") = "WiProApiFila.Repositorio", "WiProApiFila.Repositorio\WiProApiFila.Repositorio.csproj", "{757DBDDF-EB08-4F4C-80E6-AC7BD1AD4931}"
EndProject
Project("{FAE04EC0-301F-11D3-BF4B-00C04F79EFBC}") = "WiProApiFila.Dominio", "WiProApiFila.Dominio\WiProApiFila.Dominio.csproj", "{2C457857-9A4B-4AD8-9E8A-CB7B70589CA3}"
EndProject
Project("{FAE04EC0-301F-11D3-BF4B-00C04F79EFBC}") = "WiProApiFila.Web", "WiProApiFila.Web\WiProApiFila.Web.csproj", "{6E9C3B33-64B3-4B1D-AF09-C3D1AFC4CBAA}"
EndProject
Global
	GlobalSection(SolutionConfigurationPlatforms) = preSolution
		Debug|Any CPU = Debug|Any CPU
		Release|Any CPU = Release|Any CPU
	EndGlobalSection
	GlobalSection(ProjectConfigurationPlatforms) = postSolution
		{757DBDDF-EB08-4F4C-80E6-AC7BD1AD4931}.Debug|Any CPU.ActiveCfg = Debug|Any CPU
		{757DBDDF-EB08-4F4C-80E6-AC7BD1AD4931}.Debug|Any CPU.Build.0 = Debug|Any CPU
		{757DBDDF-EB08-4F4C-80E6-AC7BD1AD4931}.Release|Any CPU.ActiveCfg = Release|Any CPU
		{757DBDDF-EB08-4F4C-80E6-AC7BD1AD4931}.Release|Any CPU.Build.0 = Release|Any CPU
		{2C457857-9A4B-4AD8-9E8A-CB7B70589CA3}.Debug|Any CPU.ActiveCfg = Debug|Any CPU
		{2C457857-9A4B-4AD8-9E8A-CB7B70589CA3}.Debug|Any CPU.Build.0 = Debug|Any CPU
		{2C457857-9A4B-4AD8-9E8A-CB7B70589CA3}.Release|Any CPU.ActiveCfg = Release|Any CPU
		{2C457857-9A4B-4AD8-9E8A-CB7B70589CA3}.Release|Any CPU.Build.0 = Release|Any CPU
		{6E9C3B33-64B3-4B1D-AF09-C3D1AFC4CBAA}.Debug|Any CPU.ActiveCfg = Debug|Any CPU
		{6E9C3B33-64B3-4B1D-AF09-C3D1AFC4CBAA}.Debug|Any CPU.Build.0 = Debug|Any CPU
		{6E9C3B33-64B3-4B1D-AF09-C3D1AFC4CBAA}.Release|Any CPU.ActiveCfg = Release|Any CPU
		{6E9C3B33-64B3-4B1D-AF09-C3D1AFC4CBAA}.Release|Any CPU.Build.0 = Release|Any CPU
	EndGlobalSection
	GlobalSection(SolutionProperties) = preSolution
		HideSolutionNode = FALSE
	EndGlobalSection
	GlobalSection(ExtensibilityGlobals) = postSolution
		SolutionGuid = {095F8A26-7A7C-41DC-8F64-83650FA3B32B}
	EndGlobalSection
EndGlobal
